
Microsoft Visual Studio Solution File, Format Version 12.00
# Visual Studio Version 17
VisualStudioVersion = 17.13.35931.197 d17.13
MinimumVisualStudioVersion = 10.0.40219.1
Project("{FAE04EC0-301F-11D3-BF4B-00C04F79EFBC}") = "BrainfuckInterpreter", "BrainfuckInterpreter.csproj", "{FD1979BD-2B9F-45F5-B3CA-5414997A86BF}"
EndProject
Global
	GlobalSection(SolutionConfigurationPlatforms) = preSolution
		Debug|Any CPU = Debug|Any CPU
		Release|Any CPU = Release|Any CPU
	EndGlobalSection
	GlobalSection(ProjectConfigurationPlatforms) = postSolution
		{FD1979BD-2B9F-45F5-B3CA-5414997A86BF}.Debug|Any CPU.ActiveCfg = Debug|Any CPU
		{FD1979BD-2B9F-45F5-B3CA-5414997A86BF}.Debug|Any CPU.Build.0 = Debug|Any CPU
		{FD1979BD-2B9F-45F5-B3CA-5414997A86BF}.Release|Any CPU.ActiveCfg = Release|Any CPU
		{FD1979BD-2B9F-45F5-B3CA-5414997A86BF}.Release|Any CPU.Build.0 = Release|Any CPU
	EndGlobalSection
	GlobalSection(SolutionProperties) = preSolution
		HideSolutionNode = FALSE
	EndGlobalSection
	GlobalSection(ExtensibilityGlobals) = postSolution
		SolutionGuid = {B353A8FA-853C-46B3-A5E1-3211C52B3D9D}
	EndGlobalSection
EndGlobal
